// !$*UTF8*$!
{
	archiveVersion = 1;
	classes = {
	};
	objectVersion = 51;
	objects = {

/* Begin PBXBuildFile section */
		6BE724F31AD6303B75577F09 /* Pods_WeatherAppbyElnino.framework in Frameworks */ = {isa = PBXBuildFile; fileRef = DD8B4224F1DB4E0911EA9357 /* Pods_WeatherAppbyElnino.framework */; };
		7612FD4D248C5CB800FBAA89 /* DatamodeWeather.swift in Sources */ = {isa = PBXBuildFile; fileRef = 7612FD4C248C5CB800FBAA89 /* DatamodeWeather.swift */; };
		7612FD4F248C668A00FBAA89 /* SecondViewController.swift in Sources */ = {isa = PBXBuildFile; fileRef = 7612FD4E248C668A00FBAA89 /* SecondViewController.swift */; };
		767EA30C248C317E00E8F117 /* AppDelegate.swift in Sources */ = {isa = PBXBuildFile; fileRef = 767EA30B248C317E00E8F117 /* AppDelegate.swift */; };
		767EA30E248C317E00E8F117 /* ViewController.swift in Sources */ = {isa = PBXBuildFile; fileRef = 767EA30D248C317E00E8F117 /* ViewController.swift */; };
		767EA311248C317E00E8F117 /* Main.storyboard in Resources */ = {isa = PBXBuildFile; fileRef = 767EA30F248C317E00E8F117 /* Main.storyboard */; };
		767EA313248C317F00E8F117 /* Assets.xcassets in Resources */ = {isa = PBXBuildFile; fileRef = 767EA312248C317F00E8F117 /* Assets.xcassets */; };
		767EA316248C317F00E8F117 /* LaunchScreen.storyboard in Resources */ = {isa = PBXBuildFile; fileRef = 767EA314248C317F00E8F117 /* LaunchScreen.storyboard */; };
/* End PBXBuildFile section */

/* Begin PBXFileReference section */
		7612FD4C248C5CB800FBAA89 /* DatamodeWeather.swift */ = {isa = PBXFileReference; lastKnownFileType = sourcecode.swift; path = DatamodeWeather.swift; sourceTree = "<group>"; };
		7612FD4E248C668A00FBAA89 /* SecondViewController.swift */ = {isa = PBXFileReference; lastKnownFileType = sourcecode.swift; path = SecondViewController.swift; sourceTree = "<group>"; };
		767EA308248C317E00E8F117 /* WeatherAppbyElnino.app */ = {isa = PBXFileReference; explicitFileType = wrapper.application; includeInIndex = 0; path = WeatherAppbyElnino.app; sourceTree = BUILT_PRODUCTS_DIR; };
		767EA30B248C317E00E8F117 /* AppDelegate.swift */ = {isa = PBXFileReference; lastKnownFileType = sourcecode.swift; path = AppDelegate.swift; sourceTree = "<group>"; };
		767EA30D248C317E00E8F117 /* ViewController.swift */ = {isa = PBXFileReference; lastKnownFileType = sourcecode.swift; path = ViewController.swift; sourceTree = "<group>"; };
		767EA310248C317E00E8F117 /* Base */ = {isa = PBXFileReference; lastKnownFileType = file.storyboard; name = Base; path = Base.lproj/Main.storyboard; sourceTree = "<group>"; };
		767EA312248C317F00E8F117 /* Assets.xcassets */ = {isa = PBXFileReference; lastKnownFileType = folder.assetcatalog; path = Assets.xcassets; sourceTree = "<group>"; };
		767EA315248C317F00E8F117 /* Base */ = {isa = PBXFileReference; lastKnownFileType = file.storyboard; name = Base; path = Base.lproj/LaunchScreen.storyboard; sourceTree = "<group>"; };
		767EA317248C317F00E8F117 /* Info.plist */ = {isa = PBXFileReference; lastKnownFileType = text.plist.xml; path = Info.plist; sourceTree = "<group>"; };
		C4ECF66525786E1CEDAB0B0A /* Pods-WeatherAppbyElnino.debug.xcconfig */ = {isa = PBXFileReference; includeInIndex = 1; lastKnownFileType = text.xcconfig; name = "Pods-WeatherAppbyElnino.debug.xcconfig"; path = "Target Support Files/Pods-WeatherAppbyElnino/Pods-WeatherAppbyElnino.debug.xcconfig"; sourceTree = "<group>"; };
		D75B0BFB0422CF7E89205C85 /* Pods-WeatherAppbyElnino.release.xcconfig */ = {isa = PBXFileReference; includeInIndex = 1; lastKnownFileType = text.xcconfig; name = "Pods-WeatherAppbyElnino.release.xcconfig"; path = "Target Support Files/Pods-WeatherAppbyElnino/Pods-WeatherAppbyElnino.release.xcconfig"; sourceTree = "<group>"; };
		DD8B4224F1DB4E0911EA9357 /* Pods_WeatherAppbyElnino.framework */ = {isa = PBXFileReference; explicitFileType = wrapper.framework; includeInIndex = 0; path = Pods_WeatherAppbyElnino.framework; sourceTree = BUILT_PRODUCTS_DIR; };
/* End PBXFileReference section */

/* Begin PBXFrameworksBuildPhase section */
		767EA305248C317E00E8F117 /* Frameworks */ = {
			isa = PBXFrameworksBuildPhase;
			buildActionMask = 2147483647;
			files = (
				6BE724F31AD6303B75577F09 /* Pods_WeatherAppbyElnino.framework in Frameworks */,
			);
			runOnlyForDeploymentPostprocessing = 0;
		};
/* End PBXFrameworksBuildPhase section */

/* Begin PBXGroup section */
		5AABEF07309E0998F4D01340 /* Frameworks */ = {
			isa = PBXGroup;
			children = (
				DD8B4224F1DB4E0911EA9357 /* Pods_WeatherAppbyElnino.framework */,
			);
			name = Frameworks;
			sourceTree = "<group>";
		};
		767EA2FF248C317E00E8F117 = {
			isa = PBXGroup;
			children = (
				767EA30A248C317E00E8F117 /* WeatherAppbyElnino */,
				767EA309248C317E00E8F117 /* Products */,
				A176E33F84CC0A6605AF83EA /* Pods */,
				5AABEF07309E0998F4D01340 /* Frameworks */,
			);
			sourceTree = "<group>";
		};
		767EA309248C317E00E8F117 /* Products */ = {
			isa = PBXGroup;
			children = (
				767EA308248C317E00E8F117 /* WeatherAppbyElnino.app */,
			);
			name = Products;
			sourceTree = "<group>";
		};
		767EA30A248C317E00E8F117 /* WeatherAppbyElnino */ = {
			isa = PBXGroup;
			children = (
				7612FD4C248C5CB800FBAA89 /* DatamodeWeather.swift */,
				7612FD4E248C668A00FBAA89 /* SecondViewController.swift */,
				767EA30B248C317E00E8F117 /* AppDelegate.swift */,
				767EA30D248C317E00E8F117 /* ViewController.swift */,
				767EA30F248C317E00E8F117 /* Main.storyboard */,
				767EA312248C317F00E8F117 /* Assets.xcassets */,
				767EA314248C317F00E8F117 /* LaunchScreen.storyboard */,
				767EA317248C317F00E8F117 /* Info.plist */,
			);
			path = WeatherAppbyElnino;
			sourceTree = "<group>";
		};
		A176E33F84CC0A6605AF83EA /* Pods */ = {
			isa = PBXGroup;
			children = (
				C4ECF66525786E1CEDAB0B0A /* Pods-WeatherAppbyElnino.debug.xcconfig */,
				D75B0BFB0422CF7E89205C85 /* Pods-WeatherAppbyElnino.release.xcconfig */,
			);
			path = Pods;
			sourceTree = "<group>";
		};
/* End PBXGroup section */

/* Begin PBXNativeTarget section */
		767EA307248C317E00E8F117 /* WeatherAppbyElnino */ = {
			isa = PBXNativeTarget;
			buildConfigurationList = 767EA31A248C317F00E8F117 /* Build configuration list for PBXNativeTarget "WeatherAppbyElnino" */;
			buildPhases = (
				8BA6616039A90C00624381E3 /* [CP] Check Pods Manifest.lock */,
				767EA304248C317E00E8F117 /* Sources */,
				767EA305248C317E00E8F117 /* Frameworks */,
				767EA306248C317E00E8F117 /* Resources */,
				0150A8E94457D00409B2124F /* [CP] Embed Pods Frameworks */,
			);
			buildRules = (
			);
			dependencies = (
			);
			name = WeatherAppbyElnino;
			productName = WeatherAppbyElnino;
			productReference = 767EA308248C317E00E8F117 /* WeatherAppbyElnino.app */;
			productType = "com.apple.product-type.application";
		};
/* End PBXNativeTarget section */

/* Begin PBXProject section */
		767EA300248C317E00E8F117 /* Project object */ = {
			isa = PBXProject;
			attributes = {
				LastSwiftUpdateCheck = 1030;
				LastUpgradeCheck = 1030;
				ORGANIZATIONNAME = "El nino Cholo";
				TargetAttributes = {
					767EA307248C317E00E8F117 = {
						CreatedOnToolsVersion = 10.3;
					};
				};
			};
			buildConfigurationList = 767EA303248C317E00E8F117 /* Build configuration list for PBXProject "WeatherAppbyElnino" */;
			compatibilityVersion = "Xcode 9.3";
			developmentRegion = en;
			hasScannedForEncodings = 0;
			knownRegions = (
				en,
				Base,
			);
			mainGroup = 767EA2FF248C317E00E8F117;
			productRefGroup = 767EA309248C317E00E8F117 /* Products */;
			projectDirPath = "";
			projectRoot = "";
			targets = (
				767EA307248C317E00E8F117 /* WeatherAppbyElnino */,
			);
		};
/* End PBXProject section */

/* Begin PBXResourcesBuildPhase section */
		767EA306248C317E00E8F117 /* Resources */ = {
			isa = PBXResourcesBuildPhase;
			buildActionMask = 2147483647;
			files = (
				767EA316248C317F00E8F117 /* LaunchScreen.storyboard in Resources */,
				767EA313248C317F00E8F117 /* Assets.xcassets in Resources */,
				767EA311248C317E00E8F117 /* Main.storyboard in Resources */,
			);
			runOnlyForDeploymentPostprocessing = 0;
		};
/* End PBXResourcesBuildPhase section */

/* Begin PBXShellScriptBuildPhase section */
		0150A8E94457D00409B2124F /* [CP] Embed Pods Frameworks */ = {
			isa = PBXShellScriptBuildPhase;
			buildActionMask = 2147483647;
			files = (
			);
			inputFileListPaths = (
				"${PODS_ROOT}/Target Support Files/Pods-WeatherAppbyElnino/Pods-WeatherAppbyElnino-frameworks-${CONFIGURATION}-input-files.xcfilelist",
			);
			name = "[CP] Embed Pods Frameworks";
			outputFileListPaths = (
				"${PODS_ROOT}/Target Support Files/Pods-WeatherAppbyElnino/Pods-WeatherAppbyElnino-frameworks-${CONFIGURATION}-output-files.xcfilelist",
			);
			runOnlyForDeploymentPostprocessing = 0;
			shellPath = /bin/sh;
			shellScript = "\"${PODS_ROOT}/Target Support Files/Pods-WeatherAppbyElnino/Pods-WeatherAppbyElnino-frameworks.sh\"\n";
			showEnvVarsInLog = 0;
		};
		8BA6616039A90C00624381E3 /* [CP] Check Pods Manifest.lock */ = {
			isa = PBXShellScriptBuildPhase;
			buildActionMask = 2147483647;
			files = (
			);
			inputFileListPaths = (
			);
			inputPaths = (
				"${PODS_PODFILE_DIR_PATH}/Podfile.lock",
				"${PODS_ROOT}/Manifest.lock",
			);
			name = "[CP] Check Pods Manifest.lock";
			outputFileListPaths = (
			);
			outputPaths = (
				"$(DERIVED_FILE_DIR)/Pods-WeatherAppbyElnino-checkManifestLockResult.txt",
			);
			runOnlyForDeploymentPostprocessing = 0;
			shellPath = /bin/sh;
			shellScript = "diff \"${PODS_PODFILE_DIR_PATH}/Podfile.lock\" \"${PODS_ROOT}/Manifest.lock\" > /dev/null\nif [ $? != 0 ] ; then\n    # print error to STDERR\n    echo \"error: The sandbox is not in sync with the Podfile.lock. Run 'pod install' or update your CocoaPods installation.\" >&2\n    exit 1\nfi\n# This output is used by Xcode 'outputs' to avoid re-running this script phase.\necho \"SUCCESS\" > \"${SCRIPT_OUTPUT_FILE_0}\"\n";
			showEnvVarsInLog = 0;
		};
/* End PBXShellScriptBuildPhase section */

/* Begin PBXSourcesBuildPhase section */
		767EA304248C317E00E8F117 /* Sources */ = {
			isa = PBXSourcesBuildPhase;
			buildActionMask = 2147483647;
			files = (
				7612FD4F248C668A00FBAA89 /* SecondViewController.swift in Sources */,
				7612FD4D248C5CB800FBAA89 /* DatamodeWeather.swift in Sources */,
				767EA30E248C317E00E8F117 /* ViewController.swift in Sources */,
				767EA30C248C317E00E8F117 /* AppDelegate.swift in Sources */,
			);
			runOnlyForDeploymentPostprocessing = 0;
		};
/* End PBXSourcesBuildPhase section */

/* Begin PBXVariantGroup section */
		767EA30F248C317E00E8F117 /* Main.storyboard */ = {
			isa = PBXVariantGroup;
			children = (
				767EA310248C317E00E8F117 /* Base */,
			);
			name = Main.storyboard;
			sourceTree = "<group>";
		};
		767EA314248C317F00E8F117 /* LaunchScreen.storyboard */ = {
			isa = PBXVariantGroup;
			children = (
				767EA315248C317F00E8F117 /* Base */,
			);
			name = LaunchScreen.storyboard;
			sourceTree = "<group>";
		};
/* End PBXVariantGroup section */

/* Begin XCBuildConfiguration section */
		767EA318248C317F00E8F117 /* Debug */ = {
			isa = XCBuildConfiguration;
			buildSettings = {
				ALWAYS_SEARCH_USER_PATHS = NO;
				CLANG_ANALYZER_NONNULL = YES;
				CLANG_ANALYZER_NUMBER_OBJECT_CONVERSION = YES_AGGRESSIVE;
				CLANG_CXX_LANGUAGE_STANDARD = "gnu++14";
				CLANG_CXX_LIBRARY = "libc++";
				CLANG_ENABLE_MODULES = YES;
				CLANG_ENABLE_OBJC_ARC = YES;
				CLANG_ENABLE_OBJC_WEAK = YES;
				CLANG_WARN_BLOCK_CAPTURE_AUTORELEASING = YES;
				CLANG_WARN_BOOL_CONVERSION = YES;
				CLANG_WARN_COMMA = YES;
				CLANG_WARN_CONSTANT_CONVERSION = YES;
				CLANG_WARN_DEPRECATED_OBJC_IMPLEMENTATIONS = YES;
				CLANG_WARN_DIRECT_OBJC_ISA_USAGE = YES_ERROR;
				CLANG_WARN_DOCUMENTATION_COMMENTS = YES;
				CLANG_WARN_EMPTY_BODY = YES;
				CLANG_WARN_ENUM_CONVERSION = YES;
				CLANG_WARN_INFINITE_RECURSION = YES;
				CLANG_WARN_INT_CONVERSION = YES;
				CLANG_WARN_NON_LITERAL_NULL_CONVERSION = YES;
				CLANG_WARN_OBJC_IMPLICIT_RETAIN_SELF = YES;
				CLANG_WARN_OBJC_LITERAL_CONVERSION = YES;
				CLANG_WARN_OBJC_ROOT_CLASS = YES_ERROR;
				CLANG_WARN_RANGE_LOOP_ANALYSIS = YES;
				CLANG_WARN_STRICT_PROTOTYPES = YES;
				CLANG_WARN_SUSPICIOUS_MOVE = YES;
				CLANG_WARN_UNGUARDED_AVAILABILITY = YES_AGGRESSIVE;
				CLANG_WARN_UNREACHABLE_CODE = YES;
				CLANG_WARN__DUPLICATE_METHOD_MATCH = YES;
				CODE_SIGN_IDENTITY = "iPhone Developer";
				COPY_PHASE_STRIP = NO;
				DEBUG_INFORMATION_FORMAT = dwarf;
				ENABLE_STRICT_OBJC_MSGSEND = YES;
				ENABLE_TESTABILITY = YES;
				GCC_C_LANGUAGE_STANDARD = gnu11;
				GCC_DYNAMIC_NO_PIC = NO;
				GCC_NO_COMMON_BLOCKS = YES;
				GCC_OPTIMIZATION_LEVEL = 0;
				GCC_PREPROCESSOR_DEFINITIONS = (
					"DEBUG=1",
					"$(inherited)",
				);
				GCC_WARN_64_TO_32_BIT_CONVERSION = YES;
				GCC_WARN_ABOUT_RETURN_TYPE = YES_ERROR;
				GCC_WARN_UNDECLARED_SELECTOR = YES;
				GCC_WARN_UNINITIALIZED_AUTOS = YES_AGGRESSIVE;
				GCC_WARN_UNUSED_FUNCTION = YES;
				GCC_WARN_UNUSED_VARIABLE = YES;
				IPHONEOS_DEPLOYMENT_TARGET = 12.4;
				MTL_ENABLE_DEBUG_INFO = INCLUDE_SOURCE;
				MTL_FAST_MATH = YES;
				ONLY_ACTIVE_ARCH = YES;
				SDKROOT = iphoneos;
				SWIFT_ACTIVE_COMPILATION_CONDITIONS = DEBUG;
				SWIFT_OPTIMIZATION_LEVEL = "-Onone";
			};
			name = Debug;
		};
		767EA319248C317F00E8F117 /* Release */ = {
			isa = XCBuildConfiguration;
			buildSettings = {
				ALWAYS_SEARCH_USER_PATHS = NO;
				CLANG_ANALYZER_NONNULL = YES;
				CLANG_ANALYZER_NUMBER_OBJECT_CONVERSION = YES_AGGRESSIVE;
				CLANG_CXX_LANGUAGE_STANDARD = "gnu++14";
				CLANG_CXX_LIBRARY = "libc++";
				CLANG_ENABLE_MODULES = YES;
				CLANG_ENABLE_OBJC_ARC = YES;
				CLANG_ENABLE_OBJC_WEAK = YES;
				CLANG_WARN_BLOCK_CAPTURE_AUTORELEASING = YES;
				CLANG_WARN_BOOL_CONVERSION = YES;
				CLANG_WARN_COMMA = YES;
				CLANG_WARN_CONSTANT_CONVERSION = YES;
				CLANG_WARN_DEPRECATED_OBJC_IMPLEMENTATIONS = YES;
				CLANG_WARN_DIRECT_OBJC_ISA_USAGE = YES_ERROR;
				CLANG_WARN_DOCUMENTATION_COMMENTS = YES;
				CLANG_WARN_EMPTY_BODY = YES;
				CLANG_WARN_ENUM_CONVERSION = YES;
				CLANG_WARN_INFINITE_RECURSION = YES;
				CLANG_WARN_INT_CONVERSION = YES;
				CLANG_WARN_NON_LITERAL_NULL_CONVERSION = YES;
				CLANG_WARN_OBJC_IMPLICIT_RETAIN_SELF = YES;
				CLANG_WARN_OBJC_LITERAL_CONVERSION = YES;
				CLANG_WARN_OBJC_ROOT_CLASS = YES_ERROR;
				CLANG_WARN_RANGE_LOOP_ANALYSIS = YES;
				CLANG_WARN_STRICT_PROTOTYPES = YES;
				CLANG_WARN_SUSPICIOUS_MOVE = YES;
				CLANG_WARN_UNGUARDED_AVAILABILITY = YES_AGGRESSIVE;
				CLANG_WARN_UNREACHABLE_CODE = YES;
				CLANG_WARN__DUPLICATE_METHOD_MATCH = YES;
				CODE_SIGN_IDENTITY = "iPhone Developer";
				COPY_PHASE_STRIP = NO;
				DEBUG_INFORMATION_FORMAT = "dwarf-with-dsym";
				ENABLE_NS_ASSERTIONS = NO;
				ENABLE_STRICT_OBJC_MSGSEND = YES;
				GCC_C_LANGUAGE_STANDARD = gnu11;
				GCC_NO_COMMON_BLOCKS = YES;
				GCC_WARN_64_TO_32_BIT_CONVERSION = YES;
				GCC_WARN_ABOUT_RETURN_TYPE = YES_ERROR;
				GCC_WARN_UNDECLARED_SELECTOR = YES;
				GCC_WARN_UNINITIALIZED_AUTOS = YES_AGGRESSIVE;
				GCC_WARN_UNUSED_FUNCTION = YES;
				GCC_WARN_UNUSED_VARIABLE = YES;
				IPHONEOS_DEPLOYMENT_TARGET = 12.4;
				MTL_ENABLE_DEBUG_INFO = NO;
				MTL_FAST_MATH = YES;
				SDKROOT = iphoneos;
				SWIFT_COMPILATION_MODE = wholemodule;
				SWIFT_OPTIMIZATION_LEVEL = "-O";
				VALIDATE_PRODUCT = YES;
			};
			name = Release;
		};
		767EA31B248C317F00E8F117 /* Debug */ = {
			isa = XCBuildConfiguration;
			baseConfigurationReference = C4ECF66525786E1CEDAB0B0A /* Pods-WeatherAppbyElnino.debug.xcconfig */;
			buildSettings = {
				ASSETCATALOG_COMPILER_APPICON_NAME = "AppIcon-1";
				CODE_SIGN_IDENTITY = "iPhone Developer";
				CODE_SIGN_STYLE = Automatic;
				DEVELOPMENT_TEAM = SH48NLQR9Y;
				INFOPLIST_FILE = WeatherAppbyElnino/Info.plist;
				LD_RUNPATH_SEARCH_PATHS = (
					"$(inherited)",
					"@executable_path/Frameworks",
				);
				PRODUCT_BUNDLE_IDENTIFIER = WeatherAppByElnino;
				PRODUCT_NAME = "$(TARGET_NAME)";
				PROVISIONING_PROFILE_SPECIFIER = "";
				SWIFT_VERSION = 5.0;
				TARGETED_DEVICE_FAMILY = 1;
			};
			name = Debug;
		};
		767EA31C248C317F00E8F117 /* Release */ = {
			isa = XCBuildConfiguration;
			baseConfigurationReference = D75B0BFB0422CF7E89205C85 /* Pods-WeatherAppbyElnino.release.xcconfig */;
			buildSettings = {
				ASSETCATALOG_COMPILER_APPICON_NAME = "AppIcon-1";
				CODE_SIGN_IDENTITY = "iPhone Developer";
				CODE_SIGN_STYLE = Automatic;
				DEVELOPMENT_TEAM = SH48NLQR9Y;
				INFOPLIST_FILE = WeatherAppbyElnino/Info.plist;
				LD_RUNPATH_SEARCH_PATHS = (
					"$(inherited)",
					"@executable_path/Frameworks",
				);
				PRODUCT_BUNDLE_IDENTIFIER = WeatherAppByElnino;
				PRODUCT_NAME = "$(TARGET_NAME)";
				PROVISIONING_PROFILE_SPECIFIER = "";
				SWIFT_VERSION = 5.0;
				TARGETED_DEVICE_FAMILY = 1;
			};
			name = Release;
		};
/* End XCBuildConfiguration section */

/* Begin XCConfigurationList section */
		767EA303248C317E00E8F117 /* Build configuration list for PBXProject "WeatherAppbyElnino" */ = {
			isa = XCConfigurationList;
			buildConfigurations = (
				767EA318248C317F00E8F117 /* Debug */,
				767EA319248C317F00E8F117 /* Release */,
			);
			defaultConfigurationIsVisible = 0;
			defaultConfigurationName = Release;
		};
		767EA31A248C317F00E8F117 /* Build configuration list for PBXNativeTarget "WeatherAppbyElnino" */ = {
			isa = XCConfigurationList;
			buildConfigurations = (
				767EA31B248C317F00E8F117 /* Debug */,
				767EA31C248C317F00E8F117 /* Release */,
			);
			defaultConfigurationIsVisible = 0;
			defaultConfigurationName = Release;
		};
/* End XCConfigurationList section */
	};
	rootObject = 767EA300248C317E00E8F117 /* Project object */;
}
